
Microsoft Visual Studio Solution File, Format Version 12.00
# Visual Studio Version 16
VisualStudioVersion = 16.0.30711.63
MinimumVisualStudioVersion = 10.0.40219.1
Project("{2150E333-8FDC-42A3-9474-1A3956D46DE8}") = "Engine", "Engine", "{074295D5-556B-4F58-A0FE-28143A790BED}"
EndProject
Project("{9A19103F-16F7-4668-BE54-9A1E7A4F7556}") = "Infinity.Graphics", "Engine\Source\Infinity.Graphics\Infinity.Graphics.csproj", "{F41D8123-2D24-477E-B60F-AB48239B5172}"
	ProjectSection(ProjectDependencies) = postProject
		{19DE2FBD-667B-4EE0-8392-845E58B8D2E8} = {19DE2FBD-667B-4EE0-8392-845E58B8D2E8}
	EndProjectSection
EndProject
Project("{2150E333-8FDC-42A3-9474-1A3956D46DE8}") = "Project", "Project", "{6FA7ECE4-32EA-45BB-B807-F7809487633B}"
EndProject
Project("{9A19103F-16F7-4668-BE54-9A1E7A4F7556}") = "Infinity.Core", "Engine\Source\Infinity.Core\Infinity.Core.csproj", "{19DE2FBD-667B-4EE0-8392-845E58B8D2E8}"
EndProject
Project("{9A19103F-16F7-4668-BE54-9A1E7A4F7556}") = "Infinity.Game", "Engine\Source\Infinity.Game\Infinity.Game.csproj", "{4D66B411-3CE4-42A2-A67D-FC5D0C32DDB0}"
	ProjectSection(ProjectDependencies) = postProject
		{3169D088-6174-458A-8758-E397CCA94E75} = {3169D088-6174-458A-8758-E397CCA94E75}
		{B36C28D9-98FA-4C73-A904-2FC8DBDE1038} = {B36C28D9-98FA-4C73-A904-2FC8DBDE1038}
	EndProjectSection
EndProject
Project("{9A19103F-16F7-4668-BE54-9A1E7A4F7556}") = "Infinity.Physcis", "Engine\Source\Infinity.Physcis\Infinity.Physcis.csproj", "{B36C28D9-98FA-4C73-A904-2FC8DBDE1038}"
EndProject
Project("{9A19103F-16F7-4668-BE54-9A1E7A4F7556}") = "Infinity.Rendering", "Engine\Source\Infinity.Rendering\Infinity.Rendering.csproj", "{3169D088-6174-458A-8758-E397CCA94E75}"
EndProject
Project("{9A19103F-16F7-4668-BE54-9A1E7A4F7556}") = "Example", "Project\Source\Example.csproj", "{348F2521-A1D1-45B6-BECA-CA4BF3D7F1AE}"
EndProject
Global
	GlobalSection(SolutionConfigurationPlatforms) = preSolution
		Debug|x64 = Debug|x64
		Release|x64 = Release|x64
	EndGlobalSection
	GlobalSection(ProjectConfigurationPlatforms) = postSolution
		{F41D8123-2D24-477E-B60F-AB48239B5172}.Debug|x64.ActiveCfg = Debug|x64
		{F41D8123-2D24-477E-B60F-AB48239B5172}.Debug|x64.Build.0 = Debug|x64
		{F41D8123-2D24-477E-B60F-AB48239B5172}.Release|x64.ActiveCfg = Release|x64
		{F41D8123-2D24-477E-B60F-AB48239B5172}.Release|x64.Build.0 = Release|x64
		{19DE2FBD-667B-4EE0-8392-845E58B8D2E8}.Debug|x64.ActiveCfg = Debug|x64
		{19DE2FBD-667B-4EE0-8392-845E58B8D2E8}.Debug|x64.Build.0 = Debug|x64
		{19DE2FBD-667B-4EE0-8392-845E58B8D2E8}.Release|x64.ActiveCfg = Release|x64
		{19DE2FBD-667B-4EE0-8392-845E58B8D2E8}.Release|x64.Build.0 = Release|x64
		{4D66B411-3CE4-42A2-A67D-FC5D0C32DDB0}.Debug|x64.ActiveCfg = Debug|x64
		{4D66B411-3CE4-42A2-A67D-FC5D0C32DDB0}.Debug|x64.Build.0 = Debug|x64
		{4D66B411-3CE4-42A2-A67D-FC5D0C32DDB0}.Release|x64.ActiveCfg = Release|x64
		{4D66B411-3CE4-42A2-A67D-FC5D0C32DDB0}.Release|x64.Build.0 = Release|x64
		{B36C28D9-98FA-4C73-A904-2FC8DBDE1038}.Debug|x64.ActiveCfg = Debug|x64
		{B36C28D9-98FA-4C73-A904-2FC8DBDE1038}.Debug|x64.Build.0 = Debug|x64
		{B36C28D9-98FA-4C73-A904-2FC8DBDE1038}.Release|x64.ActiveCfg = Release|x64
		{B36C28D9-98FA-4C73-A904-2FC8DBDE1038}.Release|x64.Build.0 = Release|x64
		{3169D088-6174-458A-8758-E397CCA94E75}.Debug|x64.ActiveCfg = Debug|x64
		{3169D088-6174-458A-8758-E397CCA94E75}.Debug|x64.Build.0 = Debug|x64
		{3169D088-6174-458A-8758-E397CCA94E75}.Release|x64.ActiveCfg = Release|x64
		{3169D088-6174-458A-8758-E397CCA94E75}.Release|x64.Build.0 = Release|x64
		{348F2521-A1D1-45B6-BECA-CA4BF3D7F1AE}.Debug|x64.ActiveCfg = Debug|x64
		{348F2521-A1D1-45B6-BECA-CA4BF3D7F1AE}.Debug|x64.Build.0 = Debug|x64
		{348F2521-A1D1-45B6-BECA-CA4BF3D7F1AE}.Release|x64.ActiveCfg = Release|x64
		{348F2521-A1D1-45B6-BECA-CA4BF3D7F1AE}.Release|x64.Build.0 = Release|x64
	EndGlobalSection
	GlobalSection(SolutionProperties) = preSolution
		HideSolutionNode = FALSE
	EndGlobalSection
	GlobalSection(NestedProjects) = preSolution
		{F41D8123-2D24-477E-B60F-AB48239B5172} = {074295D5-556B-4F58-A0FE-28143A790BED}
		{19DE2FBD-667B-4EE0-8392-845E58B8D2E8} = {074295D5-556B-4F58-A0FE-28143A790BED}
		{4D66B411-3CE4-42A2-A67D-FC5D0C32DDB0} = {074295D5-556B-4F58-A0FE-28143A790BED}
		{B36C28D9-98FA-4C73-A904-2FC8DBDE1038} = {074295D5-556B-4F58-A0FE-28143A790BED}
		{3169D088-6174-458A-8758-E397CCA94E75} = {074295D5-556B-4F58-A0FE-28143A790BED}
		{348F2521-A1D1-45B6-BECA-CA4BF3D7F1AE} = {6FA7ECE4-32EA-45BB-B807-F7809487633B}
	EndGlobalSection
	GlobalSection(ExtensibilityGlobals) = postSolution
		SolutionGuid = {27220D00-A0A0-4FA3-8075-AEA7FB523FAF}
	EndGlobalSection
EndGlobal
