
Microsoft Visual Studio Solution File, Format Version 12.00
# Visual Studio Version 16
VisualStudioVersion = 16.0.30711.63
MinimumVisualStudioVersion = 10.0.40219.1
Project("{2150E333-8FDC-42A3-9474-1A3956D46DE8}") = "Engine", "Engine", "{074295D5-556B-4F58-A0FE-28143A790BED}"
EndProject
Project("{2150E333-8FDC-42A3-9474-1A3956D46DE8}") = "Project", "Project", "{6FA7ECE4-32EA-45BB-B807-F7809487633B}"
EndProject
Project("{9A19103F-16F7-4668-BE54-9A1E7A4F7556}") = "Example", "Project\Source\Example.csproj", "{348F2521-A1D1-45B6-BECA-CA4BF3D7F1AE}"
	ProjectSection(ProjectDependencies) = postProject
		{6EBD7073-953D-4B3D-AA38-C872B13D21DB} = {6EBD7073-953D-4B3D-AA38-C872B13D21DB}
		{08B7A6A1-FE97-491A-83DA-89A0983C62AE} = {08B7A6A1-FE97-491A-83DA-89A0983C62AE}
		{CD7DF6A4-B225-44F5-90E5-32D91949D7CA} = {CD7DF6A4-B225-44F5-90E5-32D91949D7CA}
		{DCE2DCC9-02C9-4DBC-B0DC-2173EB006C9B} = {DCE2DCC9-02C9-4DBC-B0DC-2173EB006C9B}
		{A6876BD6-AB4B-44DD-83F4-6C547B619F41} = {A6876BD6-AB4B-44DD-83F4-6C547B619F41}
	EndProjectSection
EndProject
Project("{9A19103F-16F7-4668-BE54-9A1E7A4F7556}") = "Infinity.Core", "Engine\Source\Runtime\Core\Infinity.Core.csproj", "{CD7DF6A4-B225-44F5-90E5-32D91949D7CA}"
EndProject
Project("{9A19103F-16F7-4668-BE54-9A1E7A4F7556}") = "Infinity.Game", "Engine\Source\Runtime\Game\Infinity.Game.csproj", "{6EBD7073-953D-4B3D-AA38-C872B13D21DB}"
EndProject
Project("{9A19103F-16F7-4668-BE54-9A1E7A4F7556}") = "Infinity.Graphics", "Engine\Source\Runtime\Graphics\Infinity.Graphics.csproj", "{DCE2DCC9-02C9-4DBC-B0DC-2173EB006C9B}"
EndProject
Project("{9A19103F-16F7-4668-BE54-9A1E7A4F7556}") = "Infinity.Physics", "Engine\Source\Runtime\Physics\Infinity.Physics.csproj", "{08B7A6A1-FE97-491A-83DA-89A0983C62AE}"
EndProject
Project("{9A19103F-16F7-4668-BE54-9A1E7A4F7556}") = "Infinity.Rendering", "Engine\Source\Runtime\Rendering\Infinity.Rendering.csproj", "{A6876BD6-AB4B-44DD-83F4-6C547B619F41}"
EndProject
Global
	GlobalSection(SolutionConfigurationPlatforms) = preSolution
		Debug|x64 = Debug|x64
		Release|x64 = Release|x64
	EndGlobalSection
	GlobalSection(ProjectConfigurationPlatforms) = postSolution
		{348F2521-A1D1-45B6-BECA-CA4BF3D7F1AE}.Debug|x64.ActiveCfg = Debug|x64
		{348F2521-A1D1-45B6-BECA-CA4BF3D7F1AE}.Debug|x64.Build.0 = Debug|x64
		{348F2521-A1D1-45B6-BECA-CA4BF3D7F1AE}.Release|x64.ActiveCfg = Release|x64
		{348F2521-A1D1-45B6-BECA-CA4BF3D7F1AE}.Release|x64.Build.0 = Release|x64
		{CD7DF6A4-B225-44F5-90E5-32D91949D7CA}.Debug|x64.ActiveCfg = Debug|x64
		{CD7DF6A4-B225-44F5-90E5-32D91949D7CA}.Debug|x64.Build.0 = Debug|x64
		{CD7DF6A4-B225-44F5-90E5-32D91949D7CA}.Release|x64.ActiveCfg = Release|x64
		{CD7DF6A4-B225-44F5-90E5-32D91949D7CA}.Release|x64.Build.0 = Release|x64
		{6EBD7073-953D-4B3D-AA38-C872B13D21DB}.Debug|x64.ActiveCfg = Debug|x64
		{6EBD7073-953D-4B3D-AA38-C872B13D21DB}.Debug|x64.Build.0 = Debug|x64
		{6EBD7073-953D-4B3D-AA38-C872B13D21DB}.Release|x64.ActiveCfg = Release|x64
		{6EBD7073-953D-4B3D-AA38-C872B13D21DB}.Release|x64.Build.0 = Release|x64
		{DCE2DCC9-02C9-4DBC-B0DC-2173EB006C9B}.Debug|x64.ActiveCfg = Debug|x64
		{DCE2DCC9-02C9-4DBC-B0DC-2173EB006C9B}.Debug|x64.Build.0 = Debug|x64
		{DCE2DCC9-02C9-4DBC-B0DC-2173EB006C9B}.Release|x64.ActiveCfg = Release|x64
		{DCE2DCC9-02C9-4DBC-B0DC-2173EB006C9B}.Release|x64.Build.0 = Release|x64
		{08B7A6A1-FE97-491A-83DA-89A0983C62AE}.Debug|x64.ActiveCfg = Debug|x64
		{08B7A6A1-FE97-491A-83DA-89A0983C62AE}.Debug|x64.Build.0 = Debug|x64
		{08B7A6A1-FE97-491A-83DA-89A0983C62AE}.Release|x64.ActiveCfg = Release|x64
		{08B7A6A1-FE97-491A-83DA-89A0983C62AE}.Release|x64.Build.0 = Release|x64
		{A6876BD6-AB4B-44DD-83F4-6C547B619F41}.Debug|x64.ActiveCfg = Debug|x64
		{A6876BD6-AB4B-44DD-83F4-6C547B619F41}.Debug|x64.Build.0 = Debug|x64
		{A6876BD6-AB4B-44DD-83F4-6C547B619F41}.Release|x64.ActiveCfg = Release|x64
		{A6876BD6-AB4B-44DD-83F4-6C547B619F41}.Release|x64.Build.0 = Release|x64
	EndGlobalSection
	GlobalSection(SolutionProperties) = preSolution
		HideSolutionNode = FALSE
	EndGlobalSection
	GlobalSection(NestedProjects) = preSolution
		{348F2521-A1D1-45B6-BECA-CA4BF3D7F1AE} = {6FA7ECE4-32EA-45BB-B807-F7809487633B}
		{CD7DF6A4-B225-44F5-90E5-32D91949D7CA} = {074295D5-556B-4F58-A0FE-28143A790BED}
		{6EBD7073-953D-4B3D-AA38-C872B13D21DB} = {074295D5-556B-4F58-A0FE-28143A790BED}
		{DCE2DCC9-02C9-4DBC-B0DC-2173EB006C9B} = {074295D5-556B-4F58-A0FE-28143A790BED}
		{08B7A6A1-FE97-491A-83DA-89A0983C62AE} = {074295D5-556B-4F58-A0FE-28143A790BED}
		{A6876BD6-AB4B-44DD-83F4-6C547B619F41} = {074295D5-556B-4F58-A0FE-28143A790BED}
	EndGlobalSection
	GlobalSection(ExtensibilityGlobals) = postSolution
		SolutionGuid = {27220D00-A0A0-4FA3-8075-AEA7FB523FAF}
	EndGlobalSection
EndGlobal
